
Microsoft Visual Studio Solution File, Format Version 12.00
# Visual Studio 15
VisualStudioVersion = 15.0.27428.1
MinimumVisualStudioVersion = 10.0.40219.1
Project("{9A19103F-16F7-4668-BE54-9A1E7A4F7556}") = "Mirror", "Mirror\Mirror.csproj", "{2FB3A76B-01EE-4709-B93A-A6E14A9D7C14}"
EndProject
Project("{FAE04EC0-301F-11D3-BF4B-00C04F79EFBC}") = "Mirror.Tests", "Mirror.Tests\Mirror.Tests.csproj", "{7F81882A-7C77-4AEE-967C-A393EA8D3413}"
EndProject
Project("{FAE04EC0-301F-11D3-BF4B-00C04F79EFBC}") = "Mirror.Example", "Mirror.Example\Mirror.Example.csproj", "{FFF31CC5-D176-4313-9C74-D80B21D7053B}"
EndProject
Project("{FAE04EC0-301F-11D3-BF4B-00C04F79EFBC}") = "Mirror.Benchmarks", "Mirror.Benchmarks\Mirror.Benchmarks.csproj", "{7A86E6CE-BEA2-4D44-B55D-C637F4510B88}"
EndProject
Global
	GlobalSection(SolutionConfigurationPlatforms) = preSolution
		Debug|Any CPU = Debug|Any CPU
		Release|Any CPU = Release|Any CPU
	EndGlobalSection
	GlobalSection(ProjectConfigurationPlatforms) = postSolution
		{2FB3A76B-01EE-4709-B93A-A6E14A9D7C14}.Debug|Any CPU.ActiveCfg = Debug|Any CPU
		{2FB3A76B-01EE-4709-B93A-A6E14A9D7C14}.Debug|Any CPU.Build.0 = Debug|Any CPU
		{2FB3A76B-01EE-4709-B93A-A6E14A9D7C14}.Release|Any CPU.ActiveCfg = Release|Any CPU
		{2FB3A76B-01EE-4709-B93A-A6E14A9D7C14}.Release|Any CPU.Build.0 = Release|Any CPU
		{7F81882A-7C77-4AEE-967C-A393EA8D3413}.Debug|Any CPU.ActiveCfg = Debug|Any CPU
		{7F81882A-7C77-4AEE-967C-A393EA8D3413}.Debug|Any CPU.Build.0 = Debug|Any CPU
		{7F81882A-7C77-4AEE-967C-A393EA8D3413}.Release|Any CPU.ActiveCfg = Release|Any CPU
		{7F81882A-7C77-4AEE-967C-A393EA8D3413}.Release|Any CPU.Build.0 = Release|Any CPU
		{FFF31CC5-D176-4313-9C74-D80B21D7053B}.Debug|Any CPU.ActiveCfg = Debug|Any CPU
		{FFF31CC5-D176-4313-9C74-D80B21D7053B}.Debug|Any CPU.Build.0 = Debug|Any CPU
		{FFF31CC5-D176-4313-9C74-D80B21D7053B}.Release|Any CPU.ActiveCfg = Release|Any CPU
		{FFF31CC5-D176-4313-9C74-D80B21D7053B}.Release|Any CPU.Build.0 = Release|Any CPU
		{7A86E6CE-BEA2-4D44-B55D-C637F4510B88}.Debug|Any CPU.ActiveCfg = Debug|Any CPU
		{7A86E6CE-BEA2-4D44-B55D-C637F4510B88}.Debug|Any CPU.Build.0 = Debug|Any CPU
		{7A86E6CE-BEA2-4D44-B55D-C637F4510B88}.Release|Any CPU.ActiveCfg = Release|Any CPU
		{7A86E6CE-BEA2-4D44-B55D-C637F4510B88}.Release|Any CPU.Build.0 = Release|Any CPU
	EndGlobalSection
	GlobalSection(SolutionProperties) = preSolution
		HideSolutionNode = FALSE
	EndGlobalSection
	GlobalSection(ExtensibilityGlobals) = postSolution
		SolutionGuid = {B9D14415-5D08-48EA-9E19-0B9FDACA21BC}
	EndGlobalSection
EndGlobal
